{
  "name": "like-a-tls-connection",
  "version": "0.0.0",
  "lockfileVersion": 2,
  "requires": true,
  "packages": {
    "": {
      "name": "like-a-tls-connection",
      "version": "0.0.0",
      "license": "AGPL-3.0",
      "devDependencies": {
        "@types/node": "^17.0.21",
        "@types/node-forge": "^1.0.1"
      }
    },
    "node_modules/@types/node": {
      "version": "17.0.21",
      "resolved": "https://registry.npmjs.org/@types/node/-/node-17.0.21.tgz",
      "integrity": "sha512-DBZCJbhII3r90XbQxI8Y9IjjiiOGlZ0Hr32omXIZvwwZ7p4DMMXGrKXVyPfuoBOri9XNtL0UK69jYIBIsRX3QQ==",
      "dev": true
    },
    "node_modules/@types/node-forge": {
      "version": "1.0.1",
      "resolved": "https://registry.npmjs.org/@types/node-forge/-/node-forge-1.0.1.tgz",
      "integrity": "sha512-96ELNKv9tQJ19afdBUiM5iDw7OYEc53iUc51gAPR2aGaqRsO1DBROjqgZRjZa1tkPj7TnEOR0EnyAX6iryGkzA==",
      "dev": true,
      "dependencies": {
        "@types/node": "*"
      }
    }
  },
  "dependencies": {
    "@types/node": {
      "version": "17.0.21",
      "resolved": "https://registry.npmjs.org/@types/node/-/node-17.0.21.tgz",
      "integrity": "sha512-DBZCJbhII3r90XbQxI8Y9IjjiiOGlZ0Hr32omXIZvwwZ7p4DMMXGrKXVyPfuoBOri9XNtL0UK69jYIBIsRX3QQ==",
      "dev": true
    },
    "@types/node-forge": {
      "version": "1.0.1",
      "resolved": "https://registry.npmjs.org/@types/node-forge/-/node-forge-1.0.1.tgz",
      "integrity": "sha512-96ELNKv9tQJ19afdBUiM5iDw7OYEc53iUc51gAPR2aGaqRsO1DBROjqgZRjZa1tkPj7TnEOR0EnyAX6iryGkzA==",
      "dev": true,
      "requires": {
        "@types/node": "*"
      }
    }
  }
}
